
Microsoft Visual Studio Solution File, Format Version 12.00
# Visual Studio 15
VisualStudioVersion = 15.0.26730.3
MinimumVisualStudioVersion = 10.0.40219.1
Project("{9A19103F-16F7-4668-BE54-9A1E7A4F7556}") = "Backend", "Backend.csproj", "{7FA94A2F-B2D3-45EB-8108-BA191E6C7F56}"
EndProject
Global
	GlobalSection(SolutionConfigurationPlatforms) = preSolution
		Debug|Any CPU = Debug|Any CPU
		Release|Any CPU = Release|Any CPU
	EndGlobalSection
	GlobalSection(ProjectConfigurationPlatforms) = postSolution
		{7FA94A2F-B2D3-45EB-8108-BA191E6C7F56}.Debug|Any CPU.ActiveCfg = Debug|Any CPU
		{7FA94A2F-B2D3-45EB-8108-BA191E6C7F56}.Debug|Any CPU.Build.0 = Debug|Any CPU
		{7FA94A2F-B2D3-45EB-8108-BA191E6C7F56}.Release|Any CPU.ActiveCfg = Release|Any CPU
		{7FA94A2F-B2D3-45EB-8108-BA191E6C7F56}.Release|Any CPU.Build.0 = Release|Any CPU
	EndGlobalSection
	GlobalSection(SolutionProperties) = preSolution
		HideSolutionNode = FALSE
	EndGlobalSection
	GlobalSection(ExtensibilityGlobals) = postSolution
		SolutionGuid = {CFA4D8CA-4F5B-4F89-8252-A372D21E0592}
	EndGlobalSection
EndGlobal
